// !$*UTF8*$!
{
	archiveVersion = 1;
	classes = {
	};
	objectVersion = 55;
	objects = {

/* Begin PBXBuildFile section */
		8445B3BB2774F10100C8CCB2 /* Minerva.xcdatamodeld in Sources */ = {isa = PBXBuildFile; fileRef = 8445B3A82774F0FB00C8CCB2 /* Minerva.xcdatamodeld */; };
		8445B3BC2774F10100C8CCB2 /* Minerva.xcdatamodeld in Sources */ = {isa = PBXBuildFile; fileRef = 8445B3A82774F0FB00C8CCB2 /* Minerva.xcdatamodeld */; };
		8445B3BD2774F10100C8CCB2 /* MinervaApp.swift in Sources */ = {isa = PBXBuildFile; fileRef = 8445B3AA2774F0FB00C8CCB2 /* MinervaApp.swift */; };
		8445B3BE2774F10100C8CCB2 /* MinervaApp.swift in Sources */ = {isa = PBXBuildFile; fileRef = 8445B3AA2774F0FB00C8CCB2 /* MinervaApp.swift */; };
		8445B3BF2774F10100C8CCB2 /* ContentView.swift in Sources */ = {isa = PBXBuildFile; fileRef = 8445B3AB2774F0FB00C8CCB2 /* ContentView.swift */; };
		8445B3C02774F10100C8CCB2 /* ContentView.swift in Sources */ = {isa = PBXBuildFile; fileRef = 8445B3AB2774F0FB00C8CCB2 /* ContentView.swift */; };
		8445B3C12774F10100C8CCB2 /* Persistence.swift in Sources */ = {isa = PBXBuildFile; fileRef = 8445B3AC2774F0FB00C8CCB2 /* Persistence.swift */; };
		8445B3C22774F10100C8CCB2 /* Persistence.swift in Sources */ = {isa = PBXBuildFile; fileRef = 8445B3AC2774F0FB00C8CCB2 /* Persistence.swift */; };
		8445B3C32774F10100C8CCB2 /* Assets.xcassets in Resources */ = {isa = PBXBuildFile; fileRef = 8445B3AD2774F10000C8CCB2 /* Assets.xcassets */; };
		8445B3C42774F10100C8CCB2 /* Assets.xcassets in Resources */ = {isa = PBXBuildFile; fileRef = 8445B3AD2774F10000C8CCB2 /* Assets.xcassets */; };
		8445B3CE2774FBA000C8CCB2 /* detail view.swift in Sources */ = {isa = PBXBuildFile; fileRef = 8445B3CD2774FB9F00C8CCB2 /* detail view.swift */; };
		8445B3CF2774FBA000C8CCB2 /* detail view.swift in Sources */ = {isa = PBXBuildFile; fileRef = 8445B3CD2774FB9F00C8CCB2 /* detail view.swift */; };
		8445B3D12774FFD900C8CCB2 /* testdata.swift in Sources */ = {isa = PBXBuildFile; fileRef = 8445B3D02774FFD800C8CCB2 /* testdata.swift */; };
		8445B3D22774FFD900C8CCB2 /* testdata.swift in Sources */ = {isa = PBXBuildFile; fileRef = 8445B3D02774FFD800C8CCB2 /* testdata.swift */; };
/* End PBXBuildFile section */

/* Begin PBXFileReference section */
		8445B3A92774F0FB00C8CCB2 /* Shared.xcdatamodel */ = {isa = PBXFileReference; lastKnownFileType = wrapper.xcdatamodel; path = Shared.xcdatamodel; sourceTree = "<group>"; };
		8445B3AA2774F0FB00C8CCB2 /* MinervaApp.swift */ = {isa = PBXFileReference; lastKnownFileType = sourcecode.swift; path = MinervaApp.swift; sourceTree = "<group>"; };
		8445B3AB2774F0FB00C8CCB2 /* ContentView.swift */ = {isa = PBXFileReference; lastKnownFileType = sourcecode.swift; path = ContentView.swift; sourceTree = "<group>"; };
		8445B3AC2774F0FB00C8CCB2 /* Persistence.swift */ = {isa = PBXFileReference; lastKnownFileType = sourcecode.swift; path = Persistence.swift; sourceTree = "<group>"; };
		8445B3AD2774F10000C8CCB2 /* Assets.xcassets */ = {isa = PBXFileReference; lastKnownFileType = folder.assetcatalog; path = Assets.xcassets; sourceTree = "<group>"; };
		8445B3B22774F10000C8CCB2 /* Minerva.app */ = {isa = PBXFileReference; explicitFileType = wrapper.application; includeInIndex = 0; path = Minerva.app; sourceTree = BUILT_PRODUCTS_DIR; };
		8445B3B82774F10000C8CCB2 /* Minerva.app */ = {isa = PBXFileReference; explicitFileType = wrapper.application; includeInIndex = 0; path = Minerva.app; sourceTree = BUILT_PRODUCTS_DIR; };
		8445B3BA2774F10100C8CCB2 /* macOS.entitlements */ = {isa = PBXFileReference; lastKnownFileType = text.plist.entitlements; path = macOS.entitlements; sourceTree = "<group>"; };
		8445B3CD2774FB9F00C8CCB2 /* detail view.swift */ = {isa = PBXFileReference; lastKnownFileType = sourcecode.swift; path = "detail view.swift"; sourceTree = "<group>"; };
		8445B3D02774FFD800C8CCB2 /* testdata.swift */ = {isa = PBXFileReference; lastKnownFileType = sourcecode.swift; path = testdata.swift; sourceTree = "<group>"; };
/* End PBXFileReference section */

/* Begin PBXFrameworksBuildPhase section */
		8445B3AF2774F10000C8CCB2 /* Frameworks */ = {
			isa = PBXFrameworksBuildPhase;
			buildActionMask = 2147483647;
			files = (
			);
			runOnlyForDeploymentPostprocessing = 0;
		};
		8445B3B52774F10000C8CCB2 /* Frameworks */ = {
			isa = PBXFrameworksBuildPhase;
			buildActionMask = 2147483647;
			files = (
			);
			runOnlyForDeploymentPostprocessing = 0;
		};
/* End PBXFrameworksBuildPhase section */

/* Begin PBXGroup section */
		8445B3A22774F0FA00C8CCB2 = {
			isa = PBXGroup;
			children = (
				8445B3A72774F0FA00C8CCB2 /* Shared */,
				8445B3B92774F10000C8CCB2 /* macOS */,
				8445B3B32774F10000C8CCB2 /* Products */,
			);
			sourceTree = "<group>";
		};
		8445B3A72774F0FA00C8CCB2 /* Shared */ = {
			isa = PBXGroup;
			children = (
				8445B3AA2774F0FB00C8CCB2 /* MinervaApp.swift */,
				8445B3AB2774F0FB00C8CCB2 /* ContentView.swift */,
				8445B3AC2774F0FB00C8CCB2 /* Persistence.swift */,
				8445B3AD2774F10000C8CCB2 /* Assets.xcassets */,
				8445B3A82774F0FB00C8CCB2 /* Minerva.xcdatamodeld */,
				8445B3CD2774FB9F00C8CCB2 /* detail view.swift */,
				8445B3D02774FFD800C8CCB2 /* testdata.swift */,
			);
			path = Shared;
			sourceTree = "<group>";
		};
		8445B3B32774F10000C8CCB2 /* Products */ = {
			isa = PBXGroup;
			children = (
				8445B3B22774F10000C8CCB2 /* Minerva.app */,
				8445B3B82774F10000C8CCB2 /* Minerva.app */,
			);
			name = Products;
			sourceTree = "<group>";
		};
		8445B3B92774F10000C8CCB2 /* macOS */ = {
			isa = PBXGroup;
			children = (
				8445B3BA2774F10100C8CCB2 /* macOS.entitlements */,
			);
			path = macOS;
			sourceTree = "<group>";
		};
/* End PBXGroup section */

/* Begin PBXNativeTarget section */
		8445B3B12774F10000C8CCB2 /* Minerva (iOS) */ = {
			isa = PBXNativeTarget;
			buildConfigurationList = 8445B3C72774F10100C8CCB2 /* Build configuration list for PBXNativeTarget "Minerva (iOS)" */;
			buildPhases = (
				8445B3AE2774F10000C8CCB2 /* Sources */,
				8445B3AF2774F10000C8CCB2 /* Frameworks */,
				8445B3B02774F10000C8CCB2 /* Resources */,
			);
			buildRules = (
			);
			dependencies = (
			);
			name = "Minerva (iOS)";
			productName = "Minerva (iOS)";
			productReference = 8445B3B22774F10000C8CCB2 /* Minerva.app */;
			productType = "com.apple.product-type.application";
		};
		8445B3B72774F10000C8CCB2 /* Minerva (macOS) */ = {
			isa = PBXNativeTarget;
			buildConfigurationList = 8445B3CA2774F10100C8CCB2 /* Build configuration list for PBXNativeTarget "Minerva (macOS)" */;
			buildPhases = (
				8445B3B42774F10000C8CCB2 /* Sources */,
				8445B3B52774F10000C8CCB2 /* Frameworks */,
				8445B3B62774F10000C8CCB2 /* Resources */,
			);
			buildRules = (
			);
			dependencies = (
			);
			name = "Minerva (macOS)";
			productName = "Minerva (macOS)";
			productReference = 8445B3B82774F10000C8CCB2 /* Minerva.app */;
			productType = "com.apple.product-type.application";
		};
/* End PBXNativeTarget section */

/* Begin PBXProject section */
		8445B3A32774F0FA00C8CCB2 /* Project object */ = {
			isa = PBXProject;
			attributes = {
				BuildIndependentTargetsInParallel = 1;
				LastSwiftUpdateCheck = 1310;
				LastUpgradeCheck = 1310;
				TargetAttributes = {
					8445B3B12774F10000C8CCB2 = {
						CreatedOnToolsVersion = 13.1;
						LastSwiftMigration = 1310;
					};
					8445B3B72774F10000C8CCB2 = {
						CreatedOnToolsVersion = 13.1;
						LastSwiftMigration = 1310;
					};
				};
			};
			buildConfigurationList = 8445B3A62774F0FA00C8CCB2 /* Build configuration list for PBXProject "Minerva" */;
			compatibilityVersion = "Xcode 13.0";
			developmentRegion = en;
			hasScannedForEncodings = 0;
			knownRegions = (
				en,
				Base,
			);
			mainGroup = 8445B3A22774F0FA00C8CCB2;
			productRefGroup = 8445B3B32774F10000C8CCB2 /* Products */;
			projectDirPath = "";
			projectRoot = "";
			targets = (
				8445B3B12774F10000C8CCB2 /* Minerva (iOS) */,
				8445B3B72774F10000C8CCB2 /* Minerva (macOS) */,
			);
		};
/* End PBXProject section */

/* Begin PBXResourcesBuildPhase section */
		8445B3B02774F10000C8CCB2 /* Resources */ = {
			isa = PBXResourcesBuildPhase;
			buildActionMask = 2147483647;
			files = (
				8445B3C32774F10100C8CCB2 /* Assets.xcassets in Resources */,
			);
			runOnlyForDeploymentPostprocessing = 0;
		};
		8445B3B62774F10000C8CCB2 /* Resources */ = {
			isa = PBXResourcesBuildPhase;
			buildActionMask = 2147483647;
			files = (
				8445B3C42774F10100C8CCB2 /* Assets.xcassets in Resources */,
			);
			runOnlyForDeploymentPostprocessing = 0;
		};
/* End PBXResourcesBuildPhase section */

/* Begin PBXSourcesBuildPhase section */
		8445B3AE2774F10000C8CCB2 /* Sources */ = {
			isa = PBXSourcesBuildPhase;
			buildActionMask = 2147483647;
			files = (
				8445B3BD2774F10100C8CCB2 /* MinervaApp.swift in Sources */,
				8445B3D12774FFD900C8CCB2 /* testdata.swift in Sources */,
				8445B3CE2774FBA000C8CCB2 /* detail view.swift in Sources */,
				8445B3C12774F10100C8CCB2 /* Persistence.swift in Sources */,
				8445B3BB2774F10100C8CCB2 /* Minerva.xcdatamodeld in Sources */,
				8445B3BF2774F10100C8CCB2 /* ContentView.swift in Sources */,
			);
			runOnlyForDeploymentPostprocessing = 0;
		};
		8445B3B42774F10000C8CCB2 /* Sources */ = {
			isa = PBXSourcesBuildPhase;
			buildActionMask = 2147483647;
			files = (
				8445B3BE2774F10100C8CCB2 /* MinervaApp.swift in Sources */,
				8445B3D22774FFD900C8CCB2 /* testdata.swift in Sources */,
				8445B3CF2774FBA000C8CCB2 /* detail view.swift in Sources */,
				8445B3C22774F10100C8CCB2 /* Persistence.swift in Sources */,
				8445B3BC2774F10100C8CCB2 /* Minerva.xcdatamodeld in Sources */,
				8445B3C02774F10100C8CCB2 /* ContentView.swift in Sources */,
			);
			runOnlyForDeploymentPostprocessing = 0;
		};
/* End PBXSourcesBuildPhase section */

/* Begin XCBuildConfiguration section */
		8445B3C52774F10100C8CCB2 /* Debug */ = {
			isa = XCBuildConfiguration;
			buildSettings = {
				ALWAYS_SEARCH_USER_PATHS = NO;
				CLANG_ANALYZER_NONNULL = YES;
				CLANG_ANALYZER_NUMBER_OBJECT_CONVERSION = YES_AGGRESSIVE;
				CLANG_CXX_LANGUAGE_STANDARD = "gnu++17";
				CLANG_CXX_LIBRARY = "libc++";
				CLANG_ENABLE_MODULES = YES;
				CLANG_ENABLE_OBJC_ARC = YES;
				CLANG_ENABLE_OBJC_WEAK = YES;
				CLANG_WARN_BLOCK_CAPTURE_AUTORELEASING = YES;
				CLANG_WARN_BOOL_CONVERSION = YES;
				CLANG_WARN_COMMA = YES;
				CLANG_WARN_CONSTANT_CONVERSION = YES;
				CLANG_WARN_DEPRECATED_OBJC_IMPLEMENTATIONS = YES;
				CLANG_WARN_DIRECT_OBJC_ISA_USAGE = YES_ERROR;
				CLANG_WARN_DOCUMENTATION_COMMENTS = YES;
				CLANG_WARN_EMPTY_BODY = YES;
				CLANG_WARN_ENUM_CONVERSION = YES;
				CLANG_WARN_INFINITE_RECURSION = YES;
				CLANG_WARN_INT_CONVERSION = YES;
				CLANG_WARN_NON_LITERAL_NULL_CONVERSION = YES;
				CLANG_WARN_OBJC_IMPLICIT_RETAIN_SELF = YES;
				CLANG_WARN_OBJC_LITERAL_CONVERSION = YES;
				CLANG_WARN_OBJC_ROOT_CLASS = YES_ERROR;
				CLANG_WARN_QUOTED_INCLUDE_IN_FRAMEWORK_HEADER = YES;
				CLANG_WARN_RANGE_LOOP_ANALYSIS = YES;
				CLANG_WARN_STRICT_PROTOTYPES = YES;
				CLANG_WARN_SUSPICIOUS_MOVE = YES;
				CLANG_WARN_UNGUARDED_AVAILABILITY = YES_AGGRESSIVE;
				CLANG_WARN_UNREACHABLE_CODE = YES;
				CLANG_WARN__DUPLICATE_METHOD_MATCH = YES;
				COPY_PHASE_STRIP = NO;
				DEBUG_INFORMATION_FORMAT = dwarf;
				ENABLE_STRICT_OBJC_MSGSEND = YES;
				ENABLE_TESTABILITY = YES;
				GCC_C_LANGUAGE_STANDARD = gnu11;
				GCC_DYNAMIC_NO_PIC = NO;
				GCC_NO_COMMON_BLOCKS = YES;
				GCC_OPTIMIZATION_LEVEL = 0;
				GCC_PREPROCESSOR_DEFINITIONS = (
					"DEBUG=1",
					"$(inherited)",
				);
				GCC_WARN_64_TO_32_BIT_CONVERSION = YES;
				GCC_WARN_ABOUT_RETURN_TYPE = YES_ERROR;
				GCC_WARN_UNDECLARED_SELECTOR = YES;
				GCC_WARN_UNINITIALIZED_AUTOS = YES_AGGRESSIVE;
				GCC_WARN_UNUSED_FUNCTION = YES;
				GCC_WARN_UNUSED_VARIABLE = YES;
				MTL_ENABLE_DEBUG_INFO = INCLUDE_SOURCE;
				MTL_FAST_MATH = YES;
				ONLY_ACTIVE_ARCH = YES;
				SWIFT_ACTIVE_COMPILATION_CONDITIONS = DEBUG;
				SWIFT_OPTIMIZATION_LEVEL = "-Onone";
			};
			name = Debug;
		};
		8445B3C62774F10100C8CCB2 /* Release */ = {
			isa = XCBuildConfiguration;
			buildSettings = {
				ALWAYS_SEARCH_USER_PATHS = NO;
				CLANG_ANALYZER_NONNULL = YES;
				CLANG_ANALYZER_NUMBER_OBJECT_CONVERSION = YES_AGGRESSIVE;
				CLANG_CXX_LANGUAGE_STANDARD = "gnu++17";
				CLANG_CXX_LIBRARY = "libc++";
				CLANG_ENABLE_MODULES = YES;
				CLANG_ENABLE_OBJC_ARC = YES;
				CLANG_ENABLE_OBJC_WEAK = YES;
				CLANG_WARN_BLOCK_CAPTURE_AUTORELEASING = YES;
				CLANG_WARN_BOOL_CONVERSION = YES;
				CLANG_WARN_COMMA = YES;
				CLANG_WARN_CONSTANT_CONVERSION = YES;
				CLANG_WARN_DEPRECATED_OBJC_IMPLEMENTATIONS = YES;
				CLANG_WARN_DIRECT_OBJC_ISA_USAGE = YES_ERROR;
				CLANG_WARN_DOCUMENTATION_COMMENTS = YES;
				CLANG_WARN_EMPTY_BODY = YES;
				CLANG_WARN_ENUM_CONVERSION = YES;
				CLANG_WARN_INFINITE_RECURSION = YES;
				CLANG_WARN_INT_CONVERSION = YES;
				CLANG_WARN_NON_LITERAL_NULL_CONVERSION = YES;
				CLANG_WARN_OBJC_IMPLICIT_RETAIN_SELF = YES;
				CLANG_WARN_OBJC_LITERAL_CONVERSION = YES;
				CLANG_WARN_OBJC_ROOT_CLASS = YES_ERROR;
				CLANG_WARN_QUOTED_INCLUDE_IN_FRAMEWORK_HEADER = YES;
				CLANG_WARN_RANGE_LOOP_ANALYSIS = YES;
				CLANG_WARN_STRICT_PROTOTYPES = YES;
				CLANG_WARN_SUSPICIOUS_MOVE = YES;
				CLANG_WARN_UNGUARDED_AVAILABILITY = YES_AGGRESSIVE;
				CLANG_WARN_UNREACHABLE_CODE = YES;
				CLANG_WARN__DUPLICATE_METHOD_MATCH = YES;
				COPY_PHASE_STRIP = NO;
				DEBUG_INFORMATION_FORMAT = "dwarf-with-dsym";
				ENABLE_NS_ASSERTIONS = NO;
				ENABLE_STRICT_OBJC_MSGSEND = YES;
				GCC_C_LANGUAGE_STANDARD = gnu11;
				GCC_NO_COMMON_BLOCKS = YES;
				GCC_WARN_64_TO_32_BIT_CONVERSION = YES;
				GCC_WARN_ABOUT_RETURN_TYPE = YES_ERROR;
				GCC_WARN_UNDECLARED_SELECTOR = YES;
				GCC_WARN_UNINITIALIZED_AUTOS = YES_AGGRESSIVE;
				GCC_WARN_UNUSED_FUNCTION = YES;
				GCC_WARN_UNUSED_VARIABLE = YES;
				MTL_ENABLE_DEBUG_INFO = NO;
				MTL_FAST_MATH = YES;
				SWIFT_COMPILATION_MODE = wholemodule;
				SWIFT_OPTIMIZATION_LEVEL = "-O";
			};
			name = Release;
		};
		8445B3C82774F10100C8CCB2 /* Debug */ = {
			isa = XCBuildConfiguration;
			buildSettings = {
				ASSETCATALOG_COMPILER_APPICON_NAME = AppIcon;
				ASSETCATALOG_COMPILER_GLOBAL_ACCENT_COLOR_NAME = AccentColor;
				CLANG_ENABLE_MODULES = YES;
				CODE_SIGN_STYLE = Automatic;
				CURRENT_PROJECT_VERSION = 1;
				DEVELOPMENT_TEAM = M76F34UQ7G;
				ENABLE_PREVIEWS = YES;
				GENERATE_INFOPLIST_FILE = YES;
				INFOPLIST_KEY_UIApplicationSceneManifest_Generation = YES;
				INFOPLIST_KEY_UIApplicationSupportsIndirectInputEvents = YES;
				INFOPLIST_KEY_UILaunchScreen_Generation = YES;
				INFOPLIST_KEY_UISupportedInterfaceOrientations_iPad = "UIInterfaceOrientationPortrait UIInterfaceOrientationPortraitUpsideDown UIInterfaceOrientationLandscapeLeft UIInterfaceOrientationLandscapeRight";
				INFOPLIST_KEY_UISupportedInterfaceOrientations_iPhone = "UIInterfaceOrientationPortrait UIInterfaceOrientationLandscapeLeft UIInterfaceOrientationLandscapeRight";
				IPHONEOS_DEPLOYMENT_TARGET = 15.0;
				LD_RUNPATH_SEARCH_PATHS = (
					"$(inherited)",
					"@executable_path/Frameworks",
				);
				MARKETING_VERSION = 1.0;
				PRODUCT_BUNDLE_IDENTIFIER = GTC.Minerva;
				PRODUCT_NAME = Minerva;
				SDKROOT = iphoneos;
				SWIFT_EMIT_LOC_STRINGS = YES;
				SWIFT_OBJC_BRIDGING_HEADER = "Shared/Minerva (iOS)-Bridging-Header.h";
				SWIFT_OPTIMIZATION_LEVEL = "-Onone";
				SWIFT_VERSION = 5.0;
				TARGETED_DEVICE_FAMILY = "1,2";
			};
			name = Debug;
		};
		8445B3C92774F10100C8CCB2 /* Release */ = {
			isa = XCBuildConfiguration;
			buildSettings = {
				ASSETCATALOG_COMPILER_APPICON_NAME = AppIcon;
				ASSETCATALOG_COMPILER_GLOBAL_ACCENT_COLOR_NAME = AccentColor;
				CLANG_ENABLE_MODULES = YES;
				CODE_SIGN_STYLE = Automatic;
				CURRENT_PROJECT_VERSION = 1;
				DEVELOPMENT_TEAM = M76F34UQ7G;
				ENABLE_PREVIEWS = YES;
				GENERATE_INFOPLIST_FILE = YES;
				INFOPLIST_KEY_UIApplicationSceneManifest_Generation = YES;
				INFOPLIST_KEY_UIApplicationSupportsIndirectInputEvents = YES;
				INFOPLIST_KEY_UILaunchScreen_Generation = YES;
				INFOPLIST_KEY_UISupportedInterfaceOrientations_iPad = "UIInterfaceOrientationPortrait UIInterfaceOrientationPortraitUpsideDown UIInterfaceOrientationLandscapeLeft UIInterfaceOrientationLandscapeRight";
				INFOPLIST_KEY_UISupportedInterfaceOrientations_iPhone = "UIInterfaceOrientationPortrait UIInterfaceOrientationLandscapeLeft UIInterfaceOrientationLandscapeRight";
				IPHONEOS_DEPLOYMENT_TARGET = 15.0;
				LD_RUNPATH_SEARCH_PATHS = (
					"$(inherited)",
					"@executable_path/Frameworks",
				);
				MARKETING_VERSION = 1.0;
				PRODUCT_BUNDLE_IDENTIFIER = GTC.Minerva;
				PRODUCT_NAME = Minerva;
				SDKROOT = iphoneos;
				SWIFT_EMIT_LOC_STRINGS = YES;
				SWIFT_OBJC_BRIDGING_HEADER = "Shared/Minerva (iOS)-Bridging-Header.h";
				SWIFT_VERSION = 5.0;
				TARGETED_DEVICE_FAMILY = "1,2";
				VALIDATE_PRODUCT = YES;
			};
			name = Release;
		};
		8445B3CB2774F10100C8CCB2 /* Debug */ = {
			isa = XCBuildConfiguration;
			buildSettings = {
				ASSETCATALOG_COMPILER_APPICON_NAME = AppIcon;
				ASSETCATALOG_COMPILER_GLOBAL_ACCENT_COLOR_NAME = AccentColor;
				CLANG_ENABLE_MODULES = YES;
				CODE_SIGN_ENTITLEMENTS = macOS/macOS.entitlements;
				CODE_SIGN_STYLE = Automatic;
				COMBINE_HIDPI_IMAGES = YES;
				CURRENT_PROJECT_VERSION = 1;
				ENABLE_PREVIEWS = YES;
				GENERATE_INFOPLIST_FILE = YES;
				INFOPLIST_KEY_NSHumanReadableCopyright = "";
				LD_RUNPATH_SEARCH_PATHS = (
					"$(inherited)",
					"@executable_path/../Frameworks",
				);
				MACOSX_DEPLOYMENT_TARGET = 12.0;
				MARKETING_VERSION = 1.0;
				PRODUCT_BUNDLE_IDENTIFIER = GTC.Minerva;
				PRODUCT_NAME = Minerva;
				SDKROOT = macosx;
				SWIFT_EMIT_LOC_STRINGS = YES;
				SWIFT_OBJC_BRIDGING_HEADER = "Shared/Minerva (macOS)-Bridging-Header.h";
				SWIFT_OPTIMIZATION_LEVEL = "-Onone";
				SWIFT_VERSION = 5.0;
			};
			name = Debug;
		};
		8445B3CC2774F10100C8CCB2 /* Release */ = {
			isa = XCBuildConfiguration;
			buildSettings = {
				ASSETCATALOG_COMPILER_APPICON_NAME = AppIcon;
				ASSETCATALOG_COMPILER_GLOBAL_ACCENT_COLOR_NAME = AccentColor;
				CLANG_ENABLE_MODULES = YES;
				CODE_SIGN_ENTITLEMENTS = macOS/macOS.entitlements;
				CODE_SIGN_STYLE = Automatic;
				COMBINE_HIDPI_IMAGES = YES;
				CURRENT_PROJECT_VERSION = 1;
				ENABLE_PREVIEWS = YES;
				GENERATE_INFOPLIST_FILE = YES;
				INFOPLIST_KEY_NSHumanReadableCopyright = "";
				LD_RUNPATH_SEARCH_PATHS = (
					"$(inherited)",
					"@executable_path/../Frameworks",
				);
				MACOSX_DEPLOYMENT_TARGET = 12.0;
				MARKETING_VERSION = 1.0;
				PRODUCT_BUNDLE_IDENTIFIER = GTC.Minerva;
				PRODUCT_NAME = Minerva;
				SDKROOT = macosx;
				SWIFT_EMIT_LOC_STRINGS = YES;
				SWIFT_OBJC_BRIDGING_HEADER = "Shared/Minerva (macOS)-Bridging-Header.h";
				SWIFT_VERSION = 5.0;
			};
			name = Release;
		};
/* End XCBuildConfiguration section */

/* Begin XCConfigurationList section */
		8445B3A62774F0FA00C8CCB2 /* Build configuration list for PBXProject "Minerva" */ = {
			isa = XCConfigurationList;
			buildConfigurations = (
				8445B3C52774F10100C8CCB2 /* Debug */,
				8445B3C62774F10100C8CCB2 /* Release */,
			);
			defaultConfigurationIsVisible = 0;
			defaultConfigurationName = Release;
		};
		8445B3C72774F10100C8CCB2 /* Build configuration list for PBXNativeTarget "Minerva (iOS)" */ = {
			isa = XCConfigurationList;
			buildConfigurations = (
				8445B3C82774F10100C8CCB2 /* Debug */,
				8445B3C92774F10100C8CCB2 /* Release */,
			);
			defaultConfigurationIsVisible = 0;
			defaultConfigurationName = Release;
		};
		8445B3CA2774F10100C8CCB2 /* Build configuration list for PBXNativeTarget "Minerva (macOS)" */ = {
			isa = XCConfigurationList;
			buildConfigurations = (
				8445B3CB2774F10100C8CCB2 /* Debug */,
				8445B3CC2774F10100C8CCB2 /* Release */,
			);
			defaultConfigurationIsVisible = 0;
			defaultConfigurationName = Release;
		};
/* End XCConfigurationList section */

/* Begin XCVersionGroup section */
		8445B3A82774F0FB00C8CCB2 /* Minerva.xcdatamodeld */ = {
			isa = XCVersionGroup;
			children = (
				8445B3A92774F0FB00C8CCB2 /* Shared.xcdatamodel */,
			);
			currentVersion = 8445B3A92774F0FB00C8CCB2 /* Shared.xcdatamodel */;
			path = Minerva.xcdatamodeld;
			sourceTree = "<group>";
			versionGroupType = wrapper.xcdatamodel;
		};
/* End XCVersionGroup section */
	};
	rootObject = 8445B3A32774F0FA00C8CCB2 /* Project object */;
}
